
Microsoft Visual Studio Solution File, Format Version 12.00
# Visual Studio Version 16
VisualStudioVersion = 16.0.29613.14
MinimumVisualStudioVersion = 10.0.40219.1
Project("{FAE04EC0-301F-11D3-BF4B-00C04F79EFBC}") = "WesleyAirlines", "WesleyAirlines\WesleyAirlines.csproj", "{6AA097D4-1AC8-4112-BDB6-787B7D73C3E9}"
EndProject
Global
	GlobalSection(SolutionConfigurationPlatforms) = preSolution
		Debug|Any CPU = Debug|Any CPU
		Release|Any CPU = Release|Any CPU
	EndGlobalSection
	GlobalSection(ProjectConfigurationPlatforms) = postSolution
		{6AA097D4-1AC8-4112-BDB6-787B7D73C3E9}.Debug|Any CPU.ActiveCfg = Debug|Any CPU
		{6AA097D4-1AC8-4112-BDB6-787B7D73C3E9}.Debug|Any CPU.Build.0 = Debug|Any CPU
		{6AA097D4-1AC8-4112-BDB6-787B7D73C3E9}.Release|Any CPU.ActiveCfg = Release|Any CPU
		{6AA097D4-1AC8-4112-BDB6-787B7D73C3E9}.Release|Any CPU.Build.0 = Release|Any CPU
	EndGlobalSection
	GlobalSection(SolutionProperties) = preSolution
		HideSolutionNode = FALSE
	EndGlobalSection
	GlobalSection(ExtensibilityGlobals) = postSolution
		SolutionGuid = {C45D2E0C-2EB9-4013-95C1-95BC31030F0F}
	EndGlobalSection
EndGlobal
